
Microsoft Visual Studio Solution File, Format Version 12.00
# Visual Studio Version 17
VisualStudioVersion = 17.9.34728.123
MinimumVisualStudioVersion = 10.0.40219.1
Project("{FAE04EC0-301F-11D3-BF4B-00C04F79EFBC}") = "ClassLibrary1", "ClassLibrary1\ClassLibrary1.csproj", "{F3DF12C2-A1C3-4F51-8C07-01039AF37299}"
EndProject
Global
	GlobalSection(SolutionConfigurationPlatforms) = preSolution
		Debug|Any CPU = Debug|Any CPU
		Release|Any CPU = Release|Any CPU
	EndGlobalSection
	GlobalSection(ProjectConfigurationPlatforms) = postSolution
		{F3DF12C2-A1C3-4F51-8C07-01039AF37299}.Debug|Any CPU.ActiveCfg = Debug|Any CPU
		{F3DF12C2-A1C3-4F51-8C07-01039AF37299}.Debug|Any CPU.Build.0 = Debug|Any CPU
		{F3DF12C2-A1C3-4F51-8C07-01039AF37299}.Release|Any CPU.ActiveCfg = Release|Any CPU
		{F3DF12C2-A1C3-4F51-8C07-01039AF37299}.Release|Any CPU.Build.0 = Release|Any CPU
	EndGlobalSection
	GlobalSection(SolutionProperties) = preSolution
		HideSolutionNode = FALSE
	EndGlobalSection
	GlobalSection(ExtensibilityGlobals) = postSolution
		SolutionGuid = {842FE800-AFB5-45B5-810A-4CA08F38B754}
	EndGlobalSection
EndGlobal
